// !$*UTF8*$!
{
	archiveVersion = 1;
	classes = {
	};
	objectVersion = 48;
	objects = {

/* Begin PBXBuildFile section */
		F0783101201F970900673863 /* AppDelegate.swift in Sources */ = {isa = PBXBuildFile; fileRef = F0783100201F970900673863 /* AppDelegate.swift */; };
		F0783103201F970900673863 /* ViewController.swift in Sources */ = {isa = PBXBuildFile; fileRef = F0783102201F970900673863 /* ViewController.swift */; };
		F0783106201F970900673863 /* Main.storyboard in Resources */ = {isa = PBXBuildFile; fileRef = F0783104201F970900673863 /* Main.storyboard */; };
		F0783108201F970900673863 /* Assets.xcassets in Resources */ = {isa = PBXBuildFile; fileRef = F0783107201F970900673863 /* Assets.xcassets */; };
		F078310B201F970900673863 /* LaunchScreen.storyboard in Resources */ = {isa = PBXBuildFile; fileRef = F0783109201F970900673863 /* LaunchScreen.storyboard */; };
		F085A52A203C03C400709DA9 /* PalabraList.swift in Sources */ = {isa = PBXBuildFile; fileRef = F085A529203C03C400709DA9 /* PalabraList.swift */; };
		F0D52747203B8CAE00C1F6F0 /* PalabraViewController.swift in Sources */ = {isa = PBXBuildFile; fileRef = F0D52746203B8CAE00C1F6F0 /* PalabraViewController.swift */; };
		F0D52749203B900B00C1F6F0 /* PalabraStats.swift in Sources */ = {isa = PBXBuildFile; fileRef = F0D52748203B900B00C1F6F0 /* PalabraStats.swift */; };
/* End PBXBuildFile section */

/* Begin PBXFileReference section */
		F07830FD201F970900673863 /* Ayuuk.app */ = {isa = PBXFileReference; explicitFileType = wrapper.application; includeInIndex = 0; path = Ayuuk.app; sourceTree = BUILT_PRODUCTS_DIR; };
		F0783100201F970900673863 /* AppDelegate.swift */ = {isa = PBXFileReference; lastKnownFileType = sourcecode.swift; path = AppDelegate.swift; sourceTree = "<group>"; };
		F0783102201F970900673863 /* ViewController.swift */ = {isa = PBXFileReference; lastKnownFileType = sourcecode.swift; path = ViewController.swift; sourceTree = "<group>"; };
		F0783105201F970900673863 /* Base */ = {isa = PBXFileReference; lastKnownFileType = file.storyboard; name = Base; path = Base.lproj/Main.storyboard; sourceTree = "<group>"; };
		F0783107201F970900673863 /* Assets.xcassets */ = {isa = PBXFileReference; lastKnownFileType = folder.assetcatalog; path = Assets.xcassets; sourceTree = "<group>"; };
		F078310A201F970900673863 /* Base */ = {isa = PBXFileReference; lastKnownFileType = file.storyboard; name = Base; path = Base.lproj/LaunchScreen.storyboard; sourceTree = "<group>"; };
		F078310C201F970900673863 /* Info.plist */ = {isa = PBXFileReference; lastKnownFileType = text.plist.xml; path = Info.plist; sourceTree = "<group>"; };
		F085A529203C03C400709DA9 /* PalabraList.swift */ = {isa = PBXFileReference; lastKnownFileType = sourcecode.swift; path = PalabraList.swift; sourceTree = "<group>"; };
		F0D52746203B8CAE00C1F6F0 /* PalabraViewController.swift */ = {isa = PBXFileReference; lastKnownFileType = sourcecode.swift; path = PalabraViewController.swift; sourceTree = "<group>"; };
		F0D52748203B900B00C1F6F0 /* PalabraStats.swift */ = {isa = PBXFileReference; lastKnownFileType = sourcecode.swift; path = PalabraStats.swift; sourceTree = "<group>"; };
/* End PBXFileReference section */

/* Begin PBXFrameworksBuildPhase section */
		F07830FA201F970900673863 /* Frameworks */ = {
			isa = PBXFrameworksBuildPhase;
			buildActionMask = 2147483647;
			files = (
			);
			runOnlyForDeploymentPostprocessing = 0;
		};
/* End PBXFrameworksBuildPhase section */

/* Begin PBXGroup section */
		F07830F4201F970900673863 = {
			isa = PBXGroup;
			children = (
				F07830FF201F970900673863 /* Ayuuk */,
				F07830FE201F970900673863 /* Products */,
			);
			sourceTree = "<group>";
		};
		F07830FE201F970900673863 /* Products */ = {
			isa = PBXGroup;
			children = (
				F07830FD201F970900673863 /* Ayuuk.app */,
			);
			name = Products;
			sourceTree = "<group>";
		};
		F07830FF201F970900673863 /* Ayuuk */ = {
			isa = PBXGroup;
			children = (
				F0783100201F970900673863 /* AppDelegate.swift */,
				F0D52746203B8CAE00C1F6F0 /* PalabraViewController.swift */,
				F0D52748203B900B00C1F6F0 /* PalabraStats.swift */,
				F0783102201F970900673863 /* ViewController.swift */,
				F0783104201F970900673863 /* Main.storyboard */,
				F085A529203C03C400709DA9 /* PalabraList.swift */,
				F0783107201F970900673863 /* Assets.xcassets */,
				F0783109201F970900673863 /* LaunchScreen.storyboard */,
				F078310C201F970900673863 /* Info.plist */,
			);
			path = Ayuuk;
			sourceTree = "<group>";
		};
/* End PBXGroup section */

/* Begin PBXNativeTarget section */
		F07830FC201F970900673863 /* Ayuuk */ = {
			isa = PBXNativeTarget;
			buildConfigurationList = F078310F201F970900673863 /* Build configuration list for PBXNativeTarget "Ayuuk" */;
			buildPhases = (
				F07830F9201F970900673863 /* Sources */,
				F07830FA201F970900673863 /* Frameworks */,
				F07830FB201F970900673863 /* Resources */,
			);
			buildRules = (
			);
			dependencies = (
			);
			name = Ayuuk;
			productName = Example1;
			productReference = F07830FD201F970900673863 /* Ayuuk.app */;
			productType = "com.apple.product-type.application";
		};
/* End PBXNativeTarget section */

/* Begin PBXProject section */
		F07830F5201F970900673863 /* Project object */ = {
			isa = PBXProject;
			attributes = {
				LastSwiftUpdateCheck = 0920;
				LastUpgradeCheck = 0920;
				ORGANIZATIONNAME = "BM-BONNI";
				TargetAttributes = {
					F07830FC201F970900673863 = {
						CreatedOnToolsVersion = 9.2;
						ProvisioningStyle = Automatic;
						SystemCapabilities = {
							com.apple.BackgroundModes = {
								enabled = 1;
							};
						};
					};
				};
			};
			buildConfigurationList = F07830F8201F970900673863 /* Build configuration list for PBXProject "Ayuuk" */;
			compatibilityVersion = "Xcode 8.0";
			developmentRegion = en;
			hasScannedForEncodings = 0;
			knownRegions = (
				en,
				Base,
			);
			mainGroup = F07830F4201F970900673863;
			productRefGroup = F07830FE201F970900673863 /* Products */;
			projectDirPath = "";
			projectRoot = "";
			targets = (
				F07830FC201F970900673863 /* Ayuuk */,
			);
		};
/* End PBXProject section */

/* Begin PBXResourcesBuildPhase section */
		F07830FB201F970900673863 /* Resources */ = {
			isa = PBXResourcesBuildPhase;
			buildActionMask = 2147483647;
			files = (
				F078310B201F970900673863 /* LaunchScreen.storyboard in Resources */,
				F0783108201F970900673863 /* Assets.xcassets in Resources */,
				F0783106201F970900673863 /* Main.storyboard in Resources */,
			);
			runOnlyForDeploymentPostprocessing = 0;
		};
/* End PBXResourcesBuildPhase section */

/* Begin PBXSourcesBuildPhase section */
		F07830F9201F970900673863 /* Sources */ = {
			isa = PBXSourcesBuildPhase;
			buildActionMask = 2147483647;
			files = (
				F0D52747203B8CAE00C1F6F0 /* PalabraViewController.swift in Sources */,
				F085A52A203C03C400709DA9 /* PalabraList.swift in Sources */,
				F0783103201F970900673863 /* ViewController.swift in Sources */,
				F0783101201F970900673863 /* AppDelegate.swift in Sources */,
				F0D52749203B900B00C1F6F0 /* PalabraStats.swift in Sources */,
			);
			runOnlyForDeploymentPostprocessing = 0;
		};
/* End PBXSourcesBuildPhase section */

/* Begin PBXVariantGroup section */
		F0783104201F970900673863 /* Main.storyboard */ = {
			isa = PBXVariantGroup;
			children = (
				F0783105201F970900673863 /* Base */,
			);
			name = Main.storyboard;
			sourceTree = "<group>";
		};
		F0783109201F970900673863 /* LaunchScreen.storyboard */ = {
			isa = PBXVariantGroup;
			children = (
				F078310A201F970900673863 /* Base */,
			);
			name = LaunchScreen.storyboard;
			sourceTree = "<group>";
		};
/* End PBXVariantGroup section */

/* Begin XCBuildConfiguration section */
		F078310D201F970900673863 /* Debug */ = {
			isa = XCBuildConfiguration;
			buildSettings = {
				ALWAYS_SEARCH_USER_PATHS = NO;
				CLANG_ANALYZER_NONNULL = YES;
				CLANG_ANALYZER_NUMBER_OBJECT_CONVERSION = YES_AGGRESSIVE;
				CLANG_CXX_LANGUAGE_STANDARD = "gnu++14";
				CLANG_CXX_LIBRARY = "libc++";
				CLANG_ENABLE_MODULES = YES;
				CLANG_ENABLE_OBJC_ARC = YES;
				CLANG_WARN_BLOCK_CAPTURE_AUTORELEASING = YES;
				CLANG_WARN_BOOL_CONVERSION = YES;
				CLANG_WARN_COMMA = YES;
				CLANG_WARN_CONSTANT_CONVERSION = YES;
				CLANG_WARN_DIRECT_OBJC_ISA_USAGE = YES_ERROR;
				CLANG_WARN_DOCUMENTATION_COMMENTS = YES;
				CLANG_WARN_EMPTY_BODY = YES;
				CLANG_WARN_ENUM_CONVERSION = YES;
				CLANG_WARN_INFINITE_RECURSION = YES;
				CLANG_WARN_INT_CONVERSION = YES;
				CLANG_WARN_NON_LITERAL_NULL_CONVERSION = YES;
				CLANG_WARN_OBJC_LITERAL_CONVERSION = YES;
				CLANG_WARN_OBJC_ROOT_CLASS = YES_ERROR;
				CLANG_WARN_RANGE_LOOP_ANALYSIS = YES;
				CLANG_WARN_STRICT_PROTOTYPES = YES;
				CLANG_WARN_SUSPICIOUS_MOVE = YES;
				CLANG_WARN_UNGUARDED_AVAILABILITY = YES_AGGRESSIVE;
				CLANG_WARN_UNREACHABLE_CODE = YES;
				CLANG_WARN__DUPLICATE_METHOD_MATCH = YES;
				CODE_SIGN_IDENTITY = "iPhone Developer";
				COPY_PHASE_STRIP = NO;
				DEBUG_INFORMATION_FORMAT = dwarf;
				ENABLE_STRICT_OBJC_MSGSEND = YES;
				ENABLE_TESTABILITY = YES;
				GCC_C_LANGUAGE_STANDARD = gnu11;
				GCC_DYNAMIC_NO_PIC = NO;
				GCC_NO_COMMON_BLOCKS = YES;
				GCC_OPTIMIZATION_LEVEL = 0;
				GCC_PREPROCESSOR_DEFINITIONS = (
					"DEBUG=1",
					"$(inherited)",
				);
				GCC_WARN_64_TO_32_BIT_CONVERSION = YES;
				GCC_WARN_ABOUT_RETURN_TYPE = YES_ERROR;
				GCC_WARN_UNDECLARED_SELECTOR = YES;
				GCC_WARN_UNINITIALIZED_AUTOS = YES_AGGRESSIVE;
				GCC_WARN_UNUSED_FUNCTION = YES;
				GCC_WARN_UNUSED_VARIABLE = YES;
				IPHONEOS_DEPLOYMENT_TARGET = 11.2;
				MTL_ENABLE_DEBUG_INFO = YES;
				ONLY_ACTIVE_ARCH = YES;
				SDKROOT = iphoneos;
				SWIFT_ACTIVE_COMPILATION_CONDITIONS = DEBUG;
				SWIFT_OPTIMIZATION_LEVEL = "-Onone";
			};
			name = Debug;
		};
		F078310E201F970900673863 /* Release */ = {
			isa = XCBuildConfiguration;
			buildSettings = {
				ALWAYS_SEARCH_USER_PATHS = NO;
				CLANG_ANALYZER_NONNULL = YES;
				CLANG_ANALYZER_NUMBER_OBJECT_CONVERSION = YES_AGGRESSIVE;
				CLANG_CXX_LANGUAGE_STANDARD = "gnu++14";
				CLANG_CXX_LIBRARY = "libc++";
				CLANG_ENABLE_MODULES = YES;
				CLANG_ENABLE_OBJC_ARC = YES;
				CLANG_WARN_BLOCK_CAPTURE_AUTORELEASING = YES;
				CLANG_WARN_BOOL_CONVERSION = YES;
				CLANG_WARN_COMMA = YES;
				CLANG_WARN_CONSTANT_CONVERSION = YES;
				CLANG_WARN_DIRECT_OBJC_ISA_USAGE = YES_ERROR;
				CLANG_WARN_DOCUMENTATION_COMMENTS = YES;
				CLANG_WARN_EMPTY_BODY = YES;
				CLANG_WARN_ENUM_CONVERSION = YES;
				CLANG_WARN_INFINITE_RECURSION = YES;
				CLANG_WARN_INT_CONVERSION = YES;
				CLANG_WARN_NON_LITERAL_NULL_CONVERSION = YES;
				CLANG_WARN_OBJC_LITERAL_CONVERSION = YES;
				CLANG_WARN_OBJC_ROOT_CLASS = YES_ERROR;
				CLANG_WARN_RANGE_LOOP_ANALYSIS = YES;
				CLANG_WARN_STRICT_PROTOTYPES = YES;
				CLANG_WARN_SUSPICIOUS_MOVE = YES;
				CLANG_WARN_UNGUARDED_AVAILABILITY = YES_AGGRESSIVE;
				CLANG_WARN_UNREACHABLE_CODE = YES;
				CLANG_WARN__DUPLICATE_METHOD_MATCH = YES;
				CODE_SIGN_IDENTITY = "iPhone Developer";
				COPY_PHASE_STRIP = NO;
				DEBUG_INFORMATION_FORMAT = "dwarf-with-dsym";
				ENABLE_NS_ASSERTIONS = NO;
				ENABLE_STRICT_OBJC_MSGSEND = YES;
				GCC_C_LANGUAGE_STANDARD = gnu11;
				GCC_NO_COMMON_BLOCKS = YES;
				GCC_WARN_64_TO_32_BIT_CONVERSION = YES;
				GCC_WARN_ABOUT_RETURN_TYPE = YES_ERROR;
				GCC_WARN_UNDECLARED_SELECTOR = YES;
				GCC_WARN_UNINITIALIZED_AUTOS = YES_AGGRESSIVE;
				GCC_WARN_UNUSED_FUNCTION = YES;
				GCC_WARN_UNUSED_VARIABLE = YES;
				IPHONEOS_DEPLOYMENT_TARGET = 11.2;
				MTL_ENABLE_DEBUG_INFO = NO;
				SDKROOT = iphoneos;
				SWIFT_OPTIMIZATION_LEVEL = "-Owholemodule";
				VALIDATE_PRODUCT = YES;
			};
			name = Release;
		};
		F0783110201F970900673863 /* Debug */ = {
			isa = XCBuildConfiguration;
			buildSettings = {
				ASSETCATALOG_COMPILER_APPICON_NAME = AppIcon;
				CODE_SIGN_STYLE = Automatic;
				DEVELOPMENT_TEAM = M84TRRFME4;
				INFOPLIST_FILE = Ayuuk/Info.plist;
				IPHONEOS_DEPLOYMENT_TARGET = 11.0;
				LD_RUNPATH_SEARCH_PATHS = "$(inherited) @executable_path/Frameworks";
				PRODUCT_BUNDLE_IDENTIFIER = "bm-bonni.Ayuuk";
				PRODUCT_NAME = "$(TARGET_NAME)";
				SWIFT_VERSION = 4.0;
				TARGETED_DEVICE_FAMILY = "1,2";
			};
			name = Debug;
		};
		F0783111201F970900673863 /* Release */ = {
			isa = XCBuildConfiguration;
			buildSettings = {
				ASSETCATALOG_COMPILER_APPICON_NAME = AppIcon;
				CODE_SIGN_STYLE = Automatic;
				DEVELOPMENT_TEAM = M84TRRFME4;
				INFOPLIST_FILE = Ayuuk/Info.plist;
				IPHONEOS_DEPLOYMENT_TARGET = 11.0;
				LD_RUNPATH_SEARCH_PATHS = "$(inherited) @executable_path/Frameworks";
				PRODUCT_BUNDLE_IDENTIFIER = "bm-bonni.Ayuuk";
				PRODUCT_NAME = "$(TARGET_NAME)";
				SWIFT_VERSION = 4.0;
				TARGETED_DEVICE_FAMILY = "1,2";
			};
			name = Release;
		};
/* End XCBuildConfiguration section */

/* Begin XCConfigurationList section */
		F07830F8201F970900673863 /* Build configuration list for PBXProject "Ayuuk" */ = {
			isa = XCConfigurationList;
			buildConfigurations = (
				F078310D201F970900673863 /* Debug */,
				F078310E201F970900673863 /* Release */,
			);
			defaultConfigurationIsVisible = 0;
			defaultConfigurationName = Release;
		};
		F078310F201F970900673863 /* Build configuration list for PBXNativeTarget "Ayuuk" */ = {
			isa = XCConfigurationList;
			buildConfigurations = (
				F0783110201F970900673863 /* Debug */,
				F0783111201F970900673863 /* Release */,
			);
			defaultConfigurationIsVisible = 0;
			defaultConfigurationName = Release;
		};
/* End XCConfigurationList section */
	};
	rootObject = F07830F5201F970900673863 /* Project object */;
}
